
Microsoft Visual Studio Solution File, Format Version 11.00
# Visual Studio 2010
Project("{FAE04EC0-301F-11D3-BF4B-00C04F79EFBC}") = "PertemuanKakFaishal", "Assembly-CSharp-firstpass.csproj", "{B526AB35-B11A-169D-B135-2FE9DA31BFB9}"
EndProject
Project("{FAE04EC0-301F-11D3-BF4B-00C04F79EFBC}") = "PertemuanKakFaishal", "Assembly-CSharp.csproj", "{ABD0CF0D-2D8B-6A8E-4BC2-703335A2B032}"
EndProject
Project("{FAE04EC0-301F-11D3-BF4B-00C04F79EFBC}") = "PertemuanKakFaishal", "Assembly-CSharp-Editor.csproj", "{AA6B7DB9-EF3B-5546-C184-6994D7D350CA}"
EndProject
Global
	GlobalSection(SolutionConfigurationPlatforms) = preSolution
		Debug|Any CPU = Debug|Any CPU
		Release|Any CPU = Release|Any CPU
	EndGlobalSection
	GlobalSection(ProjectConfigurationPlatforms) = postSolution
		{B526AB35-B11A-169D-B135-2FE9DA31BFB9}.Debug|Any CPU.ActiveCfg = Debug|Any CPU
		{B526AB35-B11A-169D-B135-2FE9DA31BFB9}.Debug|Any CPU.Build.0 = Debug|Any CPU
		{B526AB35-B11A-169D-B135-2FE9DA31BFB9}.Release|Any CPU.ActiveCfg = Release|Any CPU
		{B526AB35-B11A-169D-B135-2FE9DA31BFB9}.Release|Any CPU.Build.0 = Release|Any CPU
		{ABD0CF0D-2D8B-6A8E-4BC2-703335A2B032}.Debug|Any CPU.ActiveCfg = Debug|Any CPU
		{ABD0CF0D-2D8B-6A8E-4BC2-703335A2B032}.Debug|Any CPU.Build.0 = Debug|Any CPU
		{ABD0CF0D-2D8B-6A8E-4BC2-703335A2B032}.Release|Any CPU.ActiveCfg = Release|Any CPU
		{ABD0CF0D-2D8B-6A8E-4BC2-703335A2B032}.Release|Any CPU.Build.0 = Release|Any CPU
		{AA6B7DB9-EF3B-5546-C184-6994D7D350CA}.Debug|Any CPU.ActiveCfg = Debug|Any CPU
		{AA6B7DB9-EF3B-5546-C184-6994D7D350CA}.Debug|Any CPU.Build.0 = Debug|Any CPU
		{AA6B7DB9-EF3B-5546-C184-6994D7D350CA}.Release|Any CPU.ActiveCfg = Release|Any CPU
		{AA6B7DB9-EF3B-5546-C184-6994D7D350CA}.Release|Any CPU.Build.0 = Release|Any CPU
	EndGlobalSection
	GlobalSection(SolutionProperties) = preSolution
		HideSolutionNode = FALSE
	EndGlobalSection
	GlobalSection(MonoDevelopProperties) = preSolution
		StartupItem = Assembly-CSharp.csproj
	EndGlobalSection
EndGlobal
